
Microsoft Visual Studio Solution File, Format Version 12.00
# Visual Studio Version 16
VisualStudioVersion = 16.0.29424.173
MinimumVisualStudioVersion = 10.0.40219.1
Project("{FAE04EC0-301F-11D3-BF4B-00C04F79EFBC}") = "MQTest", "MQTest\MQTest.csproj", "{473EA0F3-A90D-4A75-AF27-14AFA9BDC7BC}"
EndProject
Project("{FAE04EC0-301F-11D3-BF4B-00C04F79EFBC}") = "M2Mqtt.Net", "M2Mqtt\M2Mqtt.Net.csproj", "{A11AEF5A-B246-4FE8-8330-06DB73CC8074}"
EndProject
Project("{FAE04EC0-301F-11D3-BF4B-00C04F79EFBC}") = "NetCoreConsoleApp1", "ConsoleApp1\NetCoreConsoleApp1.csproj", "{EB6664E3-6A9B-4084-94A2-7A79741B467F}"
EndProject
Global
	GlobalSection(SolutionConfigurationPlatforms) = preSolution
		Debug|Any CPU = Debug|Any CPU
		Release|Any CPU = Release|Any CPU
	EndGlobalSection
	GlobalSection(ProjectConfigurationPlatforms) = postSolution
		{473EA0F3-A90D-4A75-AF27-14AFA9BDC7BC}.Debug|Any CPU.ActiveCfg = Debug|Any CPU
		{473EA0F3-A90D-4A75-AF27-14AFA9BDC7BC}.Debug|Any CPU.Build.0 = Debug|Any CPU
		{473EA0F3-A90D-4A75-AF27-14AFA9BDC7BC}.Release|Any CPU.ActiveCfg = Release|Any CPU
		{473EA0F3-A90D-4A75-AF27-14AFA9BDC7BC}.Release|Any CPU.Build.0 = Release|Any CPU
		{A11AEF5A-B246-4FE8-8330-06DB73CC8074}.Debug|Any CPU.ActiveCfg = Debug|Any CPU
		{A11AEF5A-B246-4FE8-8330-06DB73CC8074}.Debug|Any CPU.Build.0 = Debug|Any CPU
		{A11AEF5A-B246-4FE8-8330-06DB73CC8074}.Release|Any CPU.ActiveCfg = Release|Any CPU
		{A11AEF5A-B246-4FE8-8330-06DB73CC8074}.Release|Any CPU.Build.0 = Release|Any CPU
		{EB6664E3-6A9B-4084-94A2-7A79741B467F}.Debug|Any CPU.ActiveCfg = Debug|Any CPU
		{EB6664E3-6A9B-4084-94A2-7A79741B467F}.Debug|Any CPU.Build.0 = Debug|Any CPU
		{EB6664E3-6A9B-4084-94A2-7A79741B467F}.Release|Any CPU.ActiveCfg = Release|Any CPU
		{EB6664E3-6A9B-4084-94A2-7A79741B467F}.Release|Any CPU.Build.0 = Release|Any CPU
	EndGlobalSection
	GlobalSection(SolutionProperties) = preSolution
		HideSolutionNode = FALSE
	EndGlobalSection
	GlobalSection(ExtensibilityGlobals) = postSolution
		SolutionGuid = {1D248DF9-DFC5-4883-B562-8B0BB4DE6555}
	EndGlobalSection
EndGlobal
